{
  "name": "test",
  "version": "1.0.0",
  "lockfileVersion": 1,
  "requires": true,
  "dependencies": {
    "antv-random-function": {
      "version": "1.0.1",
      "resolved": "https://registry.npmjs.org/antv-random-function/-/antv-random-function-1.0.1.tgz",
      "integrity": "sha512-7+KuQ0PMA2O8xGSctsxlIF08aFO6U17jmhoXjUtTUyVXLFHvs6ouEHuXnNTdP88+Re9bjOcmFbKp/n5vcJNFXQ=="
    }
  }
}
